// !$*UTF8*$!
{
	archiveVersion = 1;
	classes = {
	};
	objectVersion = 46;
	objects = {

/* Begin PBXBuildFile section */
		BC31D6611DFDEA860075ED34 /* OpenDMXD2XX.c in Sources */ = {isa = PBXBuildFile; fileRef = BC31D65F1DFDEA860075ED34 /* OpenDMXD2XX.c */; };
		BC31D66A1DFDEB1C0075ED34 /* main.c in Sources */ = {isa = PBXBuildFile; fileRef = BC31D6691DFDEB1C0075ED34 /* main.c */; };
		BC31D66E1DFDF2610075ED34 /* OpenDMX.h in Sources */ = {isa = PBXBuildFile; fileRef = BC49561A1DF0823200E94C70 /* OpenDMX.h */; };
		BC31D6701DFDF2650075ED34 /* LinkedList.h in Sources */ = {isa = PBXBuildFile; fileRef = BC4D59601DFB0E9A00C16732 /* LinkedList.h */; };
		BC31D6721DFDF2710075ED34 /* libOpenDMX.dylib in Frameworks */ = {isa = PBXBuildFile; fileRef = BC4956121DF07E0F00E94C70 /* libOpenDMX.dylib */; };
		BC31D6741DFDF28B0075ED34 /* LinkedList.c in Sources */ = {isa = PBXBuildFile; fileRef = BC4D595F1DFB0E9A00C16732 /* LinkedList.c */; };
		BC49561B1DF0823200E94C70 /* OpenDMX.c in Sources */ = {isa = PBXBuildFile; fileRef = BC4956191DF0823200E94C70 /* OpenDMX.c */; };
		BC49561C1DF0823200E94C70 /* OpenDMX.h in Headers */ = {isa = PBXBuildFile; fileRef = BC49561A1DF0823200E94C70 /* OpenDMX.h */; };
		BC4D59611DFB0E9A00C16732 /* LinkedList.c in Sources */ = {isa = PBXBuildFile; fileRef = BC4D595F1DFB0E9A00C16732 /* LinkedList.c */; };
		BC4D59621DFB0E9A00C16732 /* LinkedList.h in Headers */ = {isa = PBXBuildFile; fileRef = BC4D59601DFB0E9A00C16732 /* LinkedList.h */; };
/* End PBXBuildFile section */

/* Begin PBXCopyFilesBuildPhase section */
		BC31D6651DFDEB1C0075ED34 /* CopyFiles */ = {
			isa = PBXCopyFilesBuildPhase;
			buildActionMask = 2147483647;
			dstPath = /usr/share/man/man1/;
			dstSubfolderSpec = 0;
			files = (
			);
			runOnlyForDeploymentPostprocessing = 1;
		};
/* End PBXCopyFilesBuildPhase section */

/* Begin PBXFileReference section */
		BC31D65F1DFDEA860075ED34 /* OpenDMXD2XX.c */ = {isa = PBXFileReference; fileEncoding = 4; lastKnownFileType = sourcecode.c.c; path = OpenDMXD2XX.c; sourceTree = "<group>"; };
		BC31D6671DFDEB1C0075ED34 /* Tests */ = {isa = PBXFileReference; explicitFileType = "compiled.mach-o.executable"; includeInIndex = 0; path = Tests; sourceTree = BUILT_PRODUCTS_DIR; };
		BC31D6691DFDEB1C0075ED34 /* main.c */ = {isa = PBXFileReference; lastKnownFileType = sourcecode.c.c; path = main.c; sourceTree = "<group>"; };
		BC4956121DF07E0F00E94C70 /* libOpenDMX.dylib */ = {isa = PBXFileReference; explicitFileType = "compiled.mach-o.dylib"; includeInIndex = 0; path = libOpenDMX.dylib; sourceTree = BUILT_PRODUCTS_DIR; };
		BC4956191DF0823200E94C70 /* OpenDMX.c */ = {isa = PBXFileReference; fileEncoding = 4; lastKnownFileType = sourcecode.c.c; path = OpenDMX.c; sourceTree = "<group>"; };
		BC49561A1DF0823200E94C70 /* OpenDMX.h */ = {isa = PBXFileReference; fileEncoding = 4; lastKnownFileType = sourcecode.c.h; path = OpenDMX.h; sourceTree = "<group>"; };
		BC4D595F1DFB0E9A00C16732 /* LinkedList.c */ = {isa = PBXFileReference; fileEncoding = 4; lastKnownFileType = sourcecode.c.c; path = LinkedList.c; sourceTree = "<group>"; };
		BC4D59601DFB0E9A00C16732 /* LinkedList.h */ = {isa = PBXFileReference; fileEncoding = 4; lastKnownFileType = sourcecode.c.h; path = LinkedList.h; sourceTree = "<group>"; };
/* End PBXFileReference section */

/* Begin PBXFrameworksBuildPhase section */
		BC31D6641DFDEB1C0075ED34 /* Frameworks */ = {
			isa = PBXFrameworksBuildPhase;
			buildActionMask = 2147483647;
			files = (
				BC31D6721DFDF2710075ED34 /* libOpenDMX.dylib in Frameworks */,
			);
			runOnlyForDeploymentPostprocessing = 0;
		};
		BC49560F1DF07E0F00E94C70 /* Frameworks */ = {
			isa = PBXFrameworksBuildPhase;
			buildActionMask = 2147483647;
			files = (
			);
			runOnlyForDeploymentPostprocessing = 0;
		};
/* End PBXFrameworksBuildPhase section */

/* Begin PBXGroup section */
		BC31D6681DFDEB1C0075ED34 /* Tests */ = {
			isa = PBXGroup;
			children = (
				BC31D6691DFDEB1C0075ED34 /* main.c */,
			);
			path = Tests;
			sourceTree = "<group>";
		};
		BC4956091DF07E0F00E94C70 = {
			isa = PBXGroup;
			children = (
				BC49561A1DF0823200E94C70 /* OpenDMX.h */,
				BC4956191DF0823200E94C70 /* OpenDMX.c */,
				BC31D65F1DFDEA860075ED34 /* OpenDMXD2XX.c */,
				BC4D59601DFB0E9A00C16732 /* LinkedList.h */,
				BC4D595F1DFB0E9A00C16732 /* LinkedList.c */,
				BC31D6681DFDEB1C0075ED34 /* Tests */,
				BC4956131DF07E0F00E94C70 /* Products */,
			);
			sourceTree = "<group>";
		};
		BC4956131DF07E0F00E94C70 /* Products */ = {
			isa = PBXGroup;
			children = (
				BC4956121DF07E0F00E94C70 /* libOpenDMX.dylib */,
				BC31D6671DFDEB1C0075ED34 /* Tests */,
			);
			name = Products;
			sourceTree = "<group>";
		};
/* End PBXGroup section */

/* Begin PBXHeadersBuildPhase section */
		BC4956101DF07E0F00E94C70 /* Headers */ = {
			isa = PBXHeadersBuildPhase;
			buildActionMask = 2147483647;
			files = (
				BC49561C1DF0823200E94C70 /* OpenDMX.h in Headers */,
				BC4D59621DFB0E9A00C16732 /* LinkedList.h in Headers */,
			);
			runOnlyForDeploymentPostprocessing = 0;
		};
/* End PBXHeadersBuildPhase section */

/* Begin PBXNativeTarget section */
		BC31D6661DFDEB1C0075ED34 /* Tests */ = {
			isa = PBXNativeTarget;
			buildConfigurationList = BC31D66B1DFDEB1C0075ED34 /* Build configuration list for PBXNativeTarget "Tests" */;
			buildPhases = (
				BC31D6631DFDEB1C0075ED34 /* Sources */,
				BC31D6641DFDEB1C0075ED34 /* Frameworks */,
				BC31D6651DFDEB1C0075ED34 /* CopyFiles */,
			);
			buildRules = (
			);
			dependencies = (
			);
			name = Tests;
			productName = Tests;
			productReference = BC31D6671DFDEB1C0075ED34 /* Tests */;
			productType = "com.apple.product-type.tool";
		};
		BC4956111DF07E0F00E94C70 /* OpenDMX */ = {
			isa = PBXNativeTarget;
			buildConfigurationList = BC4956161DF07E0F00E94C70 /* Build configuration list for PBXNativeTarget "OpenDMX" */;
			buildPhases = (
				BC49560E1DF07E0F00E94C70 /* Sources */,
				BC49560F1DF07E0F00E94C70 /* Frameworks */,
				BC4956101DF07E0F00E94C70 /* Headers */,
			);
			buildRules = (
			);
			dependencies = (
			);
			name = OpenDMX;
			productName = libOpenDMX;
			productReference = BC4956121DF07E0F00E94C70 /* libOpenDMX.dylib */;
			productType = "com.apple.product-type.library.dynamic";
		};
/* End PBXNativeTarget section */

/* Begin PBXProject section */
		BC49560A1DF07E0F00E94C70 /* Project object */ = {
			isa = PBXProject;
			attributes = {
				LastSwiftUpdateCheck = 0820;
				LastUpgradeCheck = 0820;
				ORGANIZATIONNAME = "Samuel Dewan";
				TargetAttributes = {
					BC31D6661DFDEB1C0075ED34 = {
						CreatedOnToolsVersion = 8.2;
						DevelopmentTeam = 9A8JKZZ857;
						ProvisioningStyle = Automatic;
					};
					BC4956111DF07E0F00E94C70 = {
						CreatedOnToolsVersion = 8.2;
						DevelopmentTeam = 9A8JKZZ857;
						ProvisioningStyle = Automatic;
					};
				};
			};
			buildConfigurationList = BC49560D1DF07E0F00E94C70 /* Build configuration list for PBXProject "OpenDMX" */;
			compatibilityVersion = "Xcode 3.2";
			developmentRegion = English;
			hasScannedForEncodings = 0;
			knownRegions = (
				en,
			);
			mainGroup = BC4956091DF07E0F00E94C70;
			productRefGroup = BC4956131DF07E0F00E94C70 /* Products */;
			projectDirPath = "";
			projectRoot = "";
			targets = (
				BC4956111DF07E0F00E94C70 /* OpenDMX */,
				BC31D6661DFDEB1C0075ED34 /* Tests */,
			);
		};
/* End PBXProject section */

/* Begin PBXSourcesBuildPhase section */
		BC31D6631DFDEB1C0075ED34 /* Sources */ = {
			isa = PBXSourcesBuildPhase;
			buildActionMask = 2147483647;
			files = (
				BC31D6741DFDF28B0075ED34 /* LinkedList.c in Sources */,
				BC31D6701DFDF2650075ED34 /* LinkedList.h in Sources */,
				BC31D66E1DFDF2610075ED34 /* OpenDMX.h in Sources */,
				BC31D66A1DFDEB1C0075ED34 /* main.c in Sources */,
			);
			runOnlyForDeploymentPostprocessing = 0;
		};
		BC49560E1DF07E0F00E94C70 /* Sources */ = {
			isa = PBXSourcesBuildPhase;
			buildActionMask = 2147483647;
			files = (
				BC4D59611DFB0E9A00C16732 /* LinkedList.c in Sources */,
				BC49561B1DF0823200E94C70 /* OpenDMX.c in Sources */,
				BC31D6611DFDEA860075ED34 /* OpenDMXD2XX.c in Sources */,
			);
			runOnlyForDeploymentPostprocessing = 0;
		};
/* End PBXSourcesBuildPhase section */

/* Begin XCBuildConfiguration section */
		BC31D66C1DFDEB1C0075ED34 /* Debug */ = {
			isa = XCBuildConfiguration;
			buildSettings = {
				DEVELOPMENT_TEAM = 9A8JKZZ857;
				PRODUCT_NAME = "$(TARGET_NAME)";
			};
			name = Debug;
		};
		BC31D66D1DFDEB1C0075ED34 /* Release */ = {
			isa = XCBuildConfiguration;
			buildSettings = {
				DEVELOPMENT_TEAM = 9A8JKZZ857;
				PRODUCT_NAME = "$(TARGET_NAME)";
			};
			name = Release;
		};
		BC4956141DF07E0F00E94C70 /* Debug */ = {
			isa = XCBuildConfiguration;
			buildSettings = {
				ALWAYS_SEARCH_USER_PATHS = NO;
				CLANG_ANALYZER_NONNULL = YES;
				CLANG_CXX_LANGUAGE_STANDARD = "gnu++0x";
				CLANG_CXX_LIBRARY = "libc++";
				CLANG_ENABLE_MODULES = YES;
				CLANG_ENABLE_OBJC_ARC = YES;
				CLANG_WARN_BOOL_CONVERSION = YES;
				CLANG_WARN_CONSTANT_CONVERSION = YES;
				CLANG_WARN_DIRECT_OBJC_ISA_USAGE = YES_ERROR;
				CLANG_WARN_DOCUMENTATION_COMMENTS = YES;
				CLANG_WARN_EMPTY_BODY = YES;
				CLANG_WARN_ENUM_CONVERSION = YES;
				CLANG_WARN_INFINITE_RECURSION = YES;
				CLANG_WARN_INT_CONVERSION = YES;
				CLANG_WARN_OBJC_ROOT_CLASS = YES_ERROR;
				CLANG_WARN_SUSPICIOUS_MOVE = YES;
				CLANG_WARN_UNREACHABLE_CODE = YES;
				CLANG_WARN__DUPLICATE_METHOD_MATCH = YES;
				CODE_SIGN_IDENTITY = "-";
				COPY_PHASE_STRIP = NO;
				DEBUG_INFORMATION_FORMAT = dwarf;
				ENABLE_STRICT_OBJC_MSGSEND = YES;
				ENABLE_TESTABILITY = YES;
				GCC_C_LANGUAGE_STANDARD = gnu99;
				GCC_DYNAMIC_NO_PIC = NO;
				GCC_NO_COMMON_BLOCKS = YES;
				GCC_OPTIMIZATION_LEVEL = 0;
				GCC_PREPROCESSOR_DEFINITIONS = (
					"DEBUG=1",
					"$(inherited)",
				);
				GCC_WARN_64_TO_32_BIT_CONVERSION = YES;
				GCC_WARN_ABOUT_RETURN_TYPE = YES_ERROR;
				GCC_WARN_UNDECLARED_SELECTOR = YES;
				GCC_WARN_UNINITIALIZED_AUTOS = YES_AGGRESSIVE;
				GCC_WARN_UNUSED_FUNCTION = YES;
				GCC_WARN_UNUSED_VARIABLE = YES;
				MACOSX_DEPLOYMENT_TARGET = 10.12;
				MTL_ENABLE_DEBUG_INFO = YES;
				ONLY_ACTIVE_ARCH = YES;
				SDKROOT = macosx;
			};
			name = Debug;
		};
		BC4956151DF07E0F00E94C70 /* Release */ = {
			isa = XCBuildConfiguration;
			buildSettings = {
				ALWAYS_SEARCH_USER_PATHS = NO;
				CLANG_ANALYZER_NONNULL = YES;
				CLANG_CXX_LANGUAGE_STANDARD = "gnu++0x";
				CLANG_CXX_LIBRARY = "libc++";
				CLANG_ENABLE_MODULES = YES;
				CLANG_ENABLE_OBJC_ARC = YES;
				CLANG_WARN_BOOL_CONVERSION = YES;
				CLANG_WARN_CONSTANT_CONVERSION = YES;
				CLANG_WARN_DIRECT_OBJC_ISA_USAGE = YES_ERROR;
				CLANG_WARN_DOCUMENTATION_COMMENTS = YES;
				CLANG_WARN_EMPTY_BODY = YES;
				CLANG_WARN_ENUM_CONVERSION = YES;
				CLANG_WARN_INFINITE_RECURSION = YES;
				CLANG_WARN_INT_CONVERSION = YES;
				CLANG_WARN_OBJC_ROOT_CLASS = YES_ERROR;
				CLANG_WARN_SUSPICIOUS_MOVE = YES;
				CLANG_WARN_UNREACHABLE_CODE = YES;
				CLANG_WARN__DUPLICATE_METHOD_MATCH = YES;
				CODE_SIGN_IDENTITY = "-";
				COPY_PHASE_STRIP = NO;
				DEBUG_INFORMATION_FORMAT = "dwarf-with-dsym";
				ENABLE_NS_ASSERTIONS = NO;
				ENABLE_STRICT_OBJC_MSGSEND = YES;
				GCC_C_LANGUAGE_STANDARD = gnu99;
				GCC_NO_COMMON_BLOCKS = YES;
				GCC_WARN_64_TO_32_BIT_CONVERSION = YES;
				GCC_WARN_ABOUT_RETURN_TYPE = YES_ERROR;
				GCC_WARN_UNDECLARED_SELECTOR = YES;
				GCC_WARN_UNINITIALIZED_AUTOS = YES_AGGRESSIVE;
				GCC_WARN_UNUSED_FUNCTION = YES;
				GCC_WARN_UNUSED_VARIABLE = YES;
				MACOSX_DEPLOYMENT_TARGET = 10.12;
				MTL_ENABLE_DEBUG_INFO = NO;
				SDKROOT = macosx;
			};
			name = Release;
		};
		BC4956171DF07E0F00E94C70 /* Debug */ = {
			isa = XCBuildConfiguration;
			buildSettings = {
				CODE_SIGN_IDENTITY = "Mac Developer";
				DEVELOPMENT_TEAM = 9A8JKZZ857;
				DYLIB_COMPATIBILITY_VERSION = 1;
				DYLIB_CURRENT_VERSION = 1;
				EXECUTABLE_PREFIX = lib;
				MACOSX_DEPLOYMENT_TARGET = 10.10;
				PRODUCT_NAME = "$(TARGET_NAME)";
			};
			name = Debug;
		};
		BC4956181DF07E0F00E94C70 /* Release */ = {
			isa = XCBuildConfiguration;
			buildSettings = {
				CODE_SIGN_IDENTITY = "Mac Developer";
				DEVELOPMENT_TEAM = 9A8JKZZ857;
				DYLIB_COMPATIBILITY_VERSION = 1;
				DYLIB_CURRENT_VERSION = 1;
				EXECUTABLE_PREFIX = lib;
				MACOSX_DEPLOYMENT_TARGET = 10.10;
				PRODUCT_NAME = "$(TARGET_NAME)";
			};
			name = Release;
		};
/* End XCBuildConfiguration section */

/* Begin XCConfigurationList section */
		BC31D66B1DFDEB1C0075ED34 /* Build configuration list for PBXNativeTarget "Tests" */ = {
			isa = XCConfigurationList;
			buildConfigurations = (
				BC31D66C1DFDEB1C0075ED34 /* Debug */,
				BC31D66D1DFDEB1C0075ED34 /* Release */,
			);
			defaultConfigurationIsVisible = 0;
		};
		BC49560D1DF07E0F00E94C70 /* Build configuration list for PBXProject "OpenDMX" */ = {
			isa = XCConfigurationList;
			buildConfigurations = (
				BC4956141DF07E0F00E94C70 /* Debug */,
				BC4956151DF07E0F00E94C70 /* Release */,
			);
			defaultConfigurationIsVisible = 0;
			defaultConfigurationName = Release;
		};
		BC4956161DF07E0F00E94C70 /* Build configuration list for PBXNativeTarget "OpenDMX" */ = {
			isa = XCConfigurationList;
			buildConfigurations = (
				BC4956171DF07E0F00E94C70 /* Debug */,
				BC4956181DF07E0F00E94C70 /* Release */,
			);
			defaultConfigurationIsVisible = 0;
			defaultConfigurationName = Release;
		};
/* End XCConfigurationList section */
	};
	rootObject = BC49560A1DF07E0F00E94C70 /* Project object */;
}
